
Microsoft Visual Studio Solution File, Format Version 12.00
# Visual Studio Version 16
VisualStudioVersion = 16.0.30907.101
MinimumVisualStudioVersion = 10.0.40219.1
Project("{FAE04EC0-301F-11D3-BF4B-00C04F79EFBC}") = "ImageConversion", "ImageConversion\ImageConversion.csproj", "{F801C12B-92C5-47D6-9364-6162306BFAA5}"
EndProject
Global
	GlobalSection(SolutionConfigurationPlatforms) = preSolution
		Debug|Any CPU = Debug|Any CPU
		Release|Any CPU = Release|Any CPU
	EndGlobalSection
	GlobalSection(ProjectConfigurationPlatforms) = postSolution
		{F801C12B-92C5-47D6-9364-6162306BFAA5}.Debug|Any CPU.ActiveCfg = Debug|Any CPU
		{F801C12B-92C5-47D6-9364-6162306BFAA5}.Debug|Any CPU.Build.0 = Debug|Any CPU
		{F801C12B-92C5-47D6-9364-6162306BFAA5}.Release|Any CPU.ActiveCfg = Release|Any CPU
		{F801C12B-92C5-47D6-9364-6162306BFAA5}.Release|Any CPU.Build.0 = Release|Any CPU
	EndGlobalSection
	GlobalSection(SolutionProperties) = preSolution
		HideSolutionNode = FALSE
	EndGlobalSection
	GlobalSection(ExtensibilityGlobals) = postSolution
		SolutionGuid = {5BAA8B91-9DC5-468F-866D-5497E2B8B8AE}
	EndGlobalSection
EndGlobal
